{
  "name": "yes-you-can",
  "version": "0.1.0",
  "lockfileVersion": 3,
  "requires": true,
  "packages": {
    "": {
      "name": "yes-you-can",
      "version": "0.1.0",
      "workspaces": [
        "packages/*",
        "packages/*/*",
        "tools/*",
        "apps/*"
      ],
      "devDependencies": {
        "@types/node": "^22.10.2",
        "typescript": "^5.7.2"
      },
      "engines": {
        "node": ">=22"
      }
    },
    "apps/web": {
      "name": "@vdp/web",
      "version": "0.1.0",
      "dependencies": {
        "@vdp/adapter-host": "0.1.0",
        "@vdp/ai": "0.1.0",
        "@vdp/charts": "0.1.0",
        "@vdp/core": "0.1.0",
        "@vdp/definitions": "0.1.0",
        "@vdp/protocols-uds": "0.1.0",
        "@vdp/reports": "0.1.0",
        "@vdp/shared": "0.1.0",
        "@vdp/simulators": "0.1.0",
        "@vdp/storage": "0.1.0",
        "@vdp/transport-can": "0.1.0"
      },
      "bin": {
        "vdp-web": "dist/src/server.js"
      }
    },
    "node_modules/@types/node": {
      "version": "22.20.2",
      "resolved": "https://registry.npmjs.org/@types/node/-/node-22.20.2.tgz",
      "integrity": "sha512-xlvWf4Vs9n1PEVYwP1n4vvG07M6y8WgvJ2t0vbrWTmijsIHp1cS+uJ2kMIRdY3nHZK0nCYKrPeD171+SzF4/zw==",
      "dev": true,
      "license": "MIT",
      "dependencies": {
        "undici-types": "~6.21.0"
      }
    },
    "node_modules/@vdp/adapter-canable": {
      "resolved": "packages/adapters/canable",
      "link": true
    },
    "node_modules/@vdp/adapter-elm327": {
      "resolved": "packages/adapters/elm327",
      "link": true
    },
    "node_modules/@vdp/adapter-generic-can": {
      "resolved": "packages/adapters/generic-can",
      "link": true
    },
    "node_modules/@vdp/adapter-host": {
      "resolved": "packages/adapters/host",
      "link": true
    },
    "node_modules/@vdp/adapter-socketcan": {
      "resolved": "packages/adapters/socketcan",
      "link": true
    },
    "node_modules/@vdp/ai": {
      "resolved": "packages/ai",
      "link": true
    },
    "node_modules/@vdp/charts": {
      "resolved": "packages/charts",
      "link": true
    },
    "node_modules/@vdp/core": {
      "resolved": "packages/core",
      "link": true
    },
    "node_modules/@vdp/definition-importer": {
      "resolved": "tools/definition-importer",
      "link": true
    },
    "node_modules/@vdp/definitions": {
      "resolved": "packages/definitions",
      "link": true
    },
    "node_modules/@vdp/protocols-kwp2000": {
      "resolved": "packages/protocols/kwp2000",
      "link": true
    },
    "node_modules/@vdp/protocols-oem": {
      "resolved": "packages/protocols/oem",
      "link": true
    },
    "node_modules/@vdp/protocols-uds": {
      "resolved": "packages/protocols/uds",
      "link": true
    },
    "node_modules/@vdp/reports": {
      "resolved": "packages/reports",
      "link": true
    },
    "node_modules/@vdp/shared": {
      "resolved": "packages/shared",
      "link": true
    },
    "node_modules/@vdp/simulators": {
      "resolved": "tools/simulators",
      "link": true
    },
    "node_modules/@vdp/storage": {
      "resolved": "packages/storage",
      "link": true
    },
    "node_modules/@vdp/trace-analyzer": {
      "resolved": "tools/trace-analyzer",
      "link": true
    },
    "node_modules/@vdp/transport-can": {
      "resolved": "packages/transport/can",
      "link": true
    },
    "node_modules/@vdp/transport-doip": {
      "resolved": "packages/transport/doip",
      "link": true
    },
    "node_modules/@vdp/transport-iso-tp": {
      "resolved": "packages/transport/iso-tp",
      "link": true
    },
    "node_modules/@vdp/web": {
      "resolved": "apps/web",
      "link": true
    },
    "node_modules/typescript": {
      "version": "5.9.3",
      "resolved": "https://registry.npmjs.org/typescript/-/typescript-5.9.3.tgz",
      "integrity": "sha512-jl1vZzPDinLr9eUt3J/t7V6FgNEw9QjvBPdysz9KfQDD41fQrC2Y4vKQdiaUpFT4bXlb1RHhLpp8wtm6M5TgSw==",
      "dev": true,
      "license": "Apache-2.0",
      "bin": {
        "tsc": "bin/tsc",
        "tsserver": "bin/tsserver"
      },
      "engines": {
        "node": ">=14.17"
      }
    },
    "node_modules/undici-types": {
      "version": "6.21.0",
      "resolved": "https://registry.npmjs.org/undici-types/-/undici-types-6.21.0.tgz",
      "integrity": "sha512-iwDZqg0QAGrg9Rav5H4n0M64c3mkR59cJ6wQp+7C4nI0gsmExaedaYLNO44eT4AtBBwjbTiGPMlt2Md0T9H9JQ==",
      "dev": true,
      "license": "MIT"
    },
    "packages/adapters/canable": {
      "name": "@vdp/adapter-canable",
      "version": "0.1.0",
      "dependencies": {
        "@vdp/adapter-elm327": "0.1.0",
        "@vdp/shared": "0.1.0",
        "@vdp/transport-can": "0.1.0"
      }
    },
    "packages/adapters/elm327": {
      "name": "@vdp/adapter-elm327",
      "version": "0.1.0",
      "dependencies": {
        "@vdp/shared": "0.1.0",
        "@vdp/transport-can": "0.1.0"
      }
    },
    "packages/adapters/generic-can": {
      "name": "@vdp/adapter-generic-can",
      "version": "0.1.0",
      "dependencies": {
        "@vdp/shared": "0.1.0",
        "@vdp/transport-can": "0.1.0"
      }
    },
    "packages/adapters/host": {
      "name": "@vdp/adapter-host",
      "version": "0.1.0",
      "dependencies": {
        "@vdp/adapter-canable": "0.1.0",
        "@vdp/adapter-elm327": "0.1.0",
        "@vdp/adapter-socketcan": "0.1.0",
        "@vdp/shared": "0.1.0",
        "@vdp/transport-can": "0.1.0"
      }
    },
    "packages/adapters/socketcan": {
      "name": "@vdp/adapter-socketcan",
      "version": "0.1.0",
      "dependencies": {
        "@vdp/shared": "0.1.0",
        "@vdp/transport-can": "0.1.0"
      }
    },
    "packages/ai": {
      "name": "@vdp/ai",
      "version": "0.1.0",
      "dependencies": {
        "@vdp/core": "0.1.0",
        "@vdp/shared": "0.1.0"
      }
    },
    "packages/charts": {
      "name": "@vdp/charts",
      "version": "0.1.0"
    },
    "packages/core": {
      "name": "@vdp/core",
      "version": "0.1.0",
      "dependencies": {
        "@vdp/definitions": "0.1.0",
        "@vdp/protocols-oem": "0.1.0",
        "@vdp/protocols-uds": "0.1.0",
        "@vdp/shared": "0.1.0",
        "@vdp/transport-can": "0.1.0",
        "@vdp/transport-iso-tp": "0.1.0"
      }
    },
    "packages/definitions": {
      "name": "@vdp/definitions",
      "version": "0.1.0",
      "dependencies": {
        "@vdp/shared": "0.1.0"
      }
    },
    "packages/protocols/kwp2000": {
      "name": "@vdp/protocols-kwp2000",
      "version": "0.1.0",
      "dependencies": {
        "@vdp/protocols-uds": "0.1.0",
        "@vdp/shared": "0.1.0"
      }
    },
    "packages/protocols/oem": {
      "name": "@vdp/protocols-oem",
      "version": "0.1.0",
      "dependencies": {
        "@vdp/protocols-uds": "0.1.0",
        "@vdp/shared": "0.1.0"
      }
    },
    "packages/protocols/uds": {
      "name": "@vdp/protocols-uds",
      "version": "0.1.0",
      "dependencies": {
        "@vdp/shared": "0.1.0"
      }
    },
    "packages/reports": {
      "name": "@vdp/reports",
      "version": "0.1.0",
      "dependencies": {
        "@vdp/core": "0.1.0",
        "@vdp/shared": "0.1.0"
      }
    },
    "packages/shared": {
      "name": "@vdp/shared",
      "version": "0.1.0"
    },
    "packages/storage": {
      "name": "@vdp/storage",
      "version": "0.1.0",
      "dependencies": {
        "@vdp/core": "0.1.0",
        "@vdp/shared": "0.1.0"
      }
    },
    "packages/transport/can": {
      "name": "@vdp/transport-can",
      "version": "0.1.0",
      "dependencies": {
        "@vdp/shared": "0.1.0"
      }
    },
    "packages/transport/doip": {
      "name": "@vdp/transport-doip",
      "version": "0.1.0",
      "dependencies": {
        "@vdp/protocols-uds": "0.1.0",
        "@vdp/shared": "0.1.0",
        "@vdp/transport-can": "0.1.0"
      }
    },
    "packages/transport/iso-tp": {
      "name": "@vdp/transport-iso-tp",
      "version": "0.1.0",
      "dependencies": {
        "@vdp/shared": "0.1.0",
        "@vdp/transport-can": "0.1.0"
      }
    },
    "tools/definition-importer": {
      "name": "@vdp/definition-importer",
      "version": "0.1.0",
      "dependencies": {
        "@vdp/definitions": "0.1.0",
        "@vdp/shared": "0.1.0"
      }
    },
    "tools/simulators": {
      "name": "@vdp/simulators",
      "version": "0.1.0",
      "dependencies": {
        "@vdp/core": "0.1.0",
        "@vdp/definitions": "0.1.0",
        "@vdp/protocols-uds": "0.1.0",
        "@vdp/shared": "0.1.0",
        "@vdp/transport-can": "0.1.0",
        "@vdp/transport-iso-tp": "0.1.0"
      }
    },
    "tools/trace-analyzer": {
      "name": "@vdp/trace-analyzer",
      "version": "0.1.0",
      "dependencies": {
        "@vdp/core": "0.1.0",
        "@vdp/definitions": "0.1.0",
        "@vdp/protocols-uds": "0.1.0",
        "@vdp/shared": "0.1.0",
        "@vdp/transport-iso-tp": "0.1.0"
      }
    }
  }
}
